
Microsoft Visual Studio Solution File, Format Version 12.00
# Visual Studio 2012
Project("{FAE04EC0-301F-11D3-BF4B-00C04F79EFBC}") = "Driveat.Data", "Driveat.data\Driveat.Data.csproj", "{861B433E-698F-4650-AFFB-6B55E1BF2B77}"
EndProject
Project("{FAE04EC0-301F-11D3-BF4B-00C04F79EFBC}") = "Driveat.Services", "Driveat.Services\Driveat.Services.csproj", "{7D33C0F9-3760-4CD8-9DA3-365866003ACD}"
EndProject
Project("{FAE04EC0-301F-11D3-BF4B-00C04F79EFBC}") = "Driveat.Web", "Driveat.Web\Driveat.Web.csproj", "{89AACB22-DF03-4D53-8488-F72498FBC84A}"
EndProject
Project("{2150E333-8FDC-42A3-9474-1A3956D46DE8}") = "Unit Tests", "Unit Tests", "{76CDB370-48A6-4F2E-B2E5-96D38FF1B391}"
EndProject
Project("{FAE04EC0-301F-11D3-BF4B-00C04F79EFBC}") = "Driveat.Services.Tests", "Driveat.Services.Tests\Driveat.Services.Tests.csproj", "{EC395A6D-B673-4839-A6D6-E814CA5A1D80}"
EndProject
Global
	GlobalSection(SolutionConfigurationPlatforms) = preSolution
		Debug|Any CPU = Debug|Any CPU
		Release|Any CPU = Release|Any CPU
	EndGlobalSection
	GlobalSection(ProjectConfigurationPlatforms) = postSolution
		{861B433E-698F-4650-AFFB-6B55E1BF2B77}.Debug|Any CPU.ActiveCfg = Debug|Any CPU
		{861B433E-698F-4650-AFFB-6B55E1BF2B77}.Debug|Any CPU.Build.0 = Debug|Any CPU
		{861B433E-698F-4650-AFFB-6B55E1BF2B77}.Release|Any CPU.ActiveCfg = Release|Any CPU
		{861B433E-698F-4650-AFFB-6B55E1BF2B77}.Release|Any CPU.Build.0 = Release|Any CPU
		{7D33C0F9-3760-4CD8-9DA3-365866003ACD}.Debug|Any CPU.ActiveCfg = Debug|Any CPU
		{7D33C0F9-3760-4CD8-9DA3-365866003ACD}.Debug|Any CPU.Build.0 = Debug|Any CPU
		{7D33C0F9-3760-4CD8-9DA3-365866003ACD}.Release|Any CPU.ActiveCfg = Release|Any CPU
		{7D33C0F9-3760-4CD8-9DA3-365866003ACD}.Release|Any CPU.Build.0 = Release|Any CPU
		{89AACB22-DF03-4D53-8488-F72498FBC84A}.Debug|Any CPU.ActiveCfg = Debug|Any CPU
		{89AACB22-DF03-4D53-8488-F72498FBC84A}.Debug|Any CPU.Build.0 = Debug|Any CPU
		{89AACB22-DF03-4D53-8488-F72498FBC84A}.Release|Any CPU.ActiveCfg = Release|Any CPU
		{89AACB22-DF03-4D53-8488-F72498FBC84A}.Release|Any CPU.Build.0 = Release|Any CPU
		{EC395A6D-B673-4839-A6D6-E814CA5A1D80}.Debug|Any CPU.ActiveCfg = Debug|Any CPU
		{EC395A6D-B673-4839-A6D6-E814CA5A1D80}.Debug|Any CPU.Build.0 = Debug|Any CPU
		{EC395A6D-B673-4839-A6D6-E814CA5A1D80}.Release|Any CPU.ActiveCfg = Release|Any CPU
		{EC395A6D-B673-4839-A6D6-E814CA5A1D80}.Release|Any CPU.Build.0 = Release|Any CPU
	EndGlobalSection
	GlobalSection(SolutionProperties) = preSolution
		HideSolutionNode = FALSE
	EndGlobalSection
	GlobalSection(NestedProjects) = preSolution
		{EC395A6D-B673-4839-A6D6-E814CA5A1D80} = {76CDB370-48A6-4F2E-B2E5-96D38FF1B391}
	EndGlobalSection
	GlobalSection(Performance) = preSolution
		HasPerformanceSessions = true
	EndGlobalSection
EndGlobal
